# This file is autogenerated, do not edit; changes may be undone by the next 'dep ensure'.


[[projects]]
  digest = "1:0803645e1f57fb5271a6edc7570b9ea59bac2e5de67957075a43f3d74c8dbd97"
  name = "github.com/NYTimes/gziphandler"
  packages = ["."]
  pruneopts = "UT"
  revision = "2600fb119af974220d3916a5916d6e31176aac1b"
  version = "v1.0.1"

[[projects]]
  branch = "master"
  digest = "1:0efc2d02b40099e5aa830184831f877fa5a89115bcb4838616ee8ba0325458d6"
  name = "github.com/ViBiOh/auth"
  packages = [
    "pkg/auth",
    "pkg/cookie",
    "pkg/ident",
    "pkg/ident/basic",
    "pkg/ident/service",
    "pkg/model",
  ]
  pruneopts = "UT"
  revision = "f1350386d8c8393f90ae80f615d0b10ff7529577"

[[projects]]
  branch = "master"
  digest = "1:0250b932b3640ac42fbf2c2af062ebc082c87c4d7bfd8472cef496abc97484da"
  name = "github.com/ViBiOh/httputils"
  packages = [
    "pkg",
    "pkg/alcotest",
    "pkg/cert",
    "pkg/cors",
    "pkg/crud",
    "pkg/errors",
    "pkg/gzip",
    "pkg/healthcheck",
    "pkg/httperror",
    "pkg/httpjson",
    "pkg/logger",
    "pkg/model",
    "pkg/opentracing",
    "pkg/owasp",
    "pkg/pagination",
    "pkg/query",
    "pkg/request",
    "pkg/server",
    "pkg/templates",
    "pkg/tools",
  ]
  pruneopts = "UT"
  revision = "b569bdfdbf9036f8f2026fc7203db165decc61ec"

[[projects]]
  digest = "1:166438587ed45ac211dab8a3ecebf4fa0c186d0db63430fb9127bbc2e5fcdc67"
  name = "github.com/cenkalti/backoff"
  packages = ["."]
  pruneopts = "UT"
  revision = "1e4cf3da559842a91afcb6ea6141451e6c30c618"
  version = "v2.1.1"

[[projects]]
  branch = "master"
  digest = "1:4c4c33075b704791d6a7f09dfb55c66769e8a1dc6adf87026292d274fe8ad113"
  name = "github.com/codahale/hdrhistogram"
  packages = ["."]
  pruneopts = "UT"
  revision = "3a0bb77429bd3a61596f5e8a3172445844342120"

[[projects]]
  branch = "master"
  digest = "1:f4fb861550182e3945deef95e88786a56ebeef1e44a0942a693de3409ad2a227"
  name = "github.com/grandcat/zeroconf"
  packages = ["."]
  pruneopts = "UT"
  revision = "ce4c7efa4b6b02297ce163eac261f5e09a782933"

[[projects]]
  digest = "1:478b8f5ee3eac843d206afd9c2c2a7133d0b7da7a65e8f9edbb1ebbf6758bdb0"
  name = "github.com/miekg/dns"
  packages = ["."]
  pruneopts = "UT"
  revision = "44a8c5f8ba7d0b3eac116182736dcfb5885ee405"
  version = "v1.1.2"

[[projects]]
  branch = "master"
  digest = "1:bfc0c5e306ac24c94aaa10bcd8f22ef1436005582da9241c0742a1a26fd93174"
  name = "github.com/opentracing-contrib/go-stdlib"
  packages = ["nethttp"]
  pruneopts = "UT"
  revision = "77df8e8e70b403c6b13c0fffaa4867c9044ff4e9"

[[projects]]
  digest = "1:450b7623b185031f3a456801155c8320209f75d0d4c4e633c6b1e59d44d6e392"
  name = "github.com/opentracing/opentracing-go"
  packages = [
    ".",
    "ext",
    "log",
  ]
  pruneopts = "UT"
  revision = "1949ddbfd147afd4d964a9f00b24eb291e0e7c38"
  version = "v1.0.2"

[[projects]]
  digest = "1:cf31692c14422fa27c83a05292eb5cbe0fb2775972e8f1f8446a71549bd8980b"
  name = "github.com/pkg/errors"
  packages = ["."]
  pruneopts = "UT"
  revision = "ba968bfe8b2f7e042a574c888954fccecfa385b4"
  version = "v0.8.1"

[[projects]]
  digest = "1:48c8c8d1fb550f059bcb5696a6f333693e19e3bad4db00d5c9b19f3846629511"
  name = "github.com/tdewolff/minify"
  packages = [
    ".",
    "css",
    "html",
    "js",
    "xml",
  ]
  pruneopts = "UT"
  revision = "c86dd764169e70ab04e3b0d5fd5e478657a6c83d"
  version = "v2.3.6"

[[projects]]
  digest = "1:a8b339430c8019600d19196b9882506ada70af7f4a505080a5843ab5488bb5c0"
  name = "github.com/tdewolff/parse"
  packages = [
    ".",
    "buffer",
    "css",
    "html",
    "js",
    "strconv",
    "xml",
  ]
  pruneopts = "UT"
  revision = "1b0354dccc7aceb4528eb638fbfec60d20338a29"
  version = "v2.3.4"

[[projects]]
  digest = "1:ac6f26e917fd2fb3194a7ebe2baf6fb32de2f2fbfed130c18aac0e758a6e1d22"
  name = "github.com/uber/jaeger-client-go"
  packages = [
    ".",
    "config",
    "internal/baggage",
    "internal/baggage/remote",
    "internal/spanlog",
    "internal/throttler",
    "internal/throttler/remote",
    "log",
    "rpcmetrics",
    "thrift",
    "thrift-gen/agent",
    "thrift-gen/baggage",
    "thrift-gen/jaeger",
    "thrift-gen/sampling",
    "thrift-gen/zipkincore",
    "transport",
    "utils",
  ]
  pruneopts = "UT"
  revision = "1a782e2da844727691fef1757c72eb190c2909f0"
  version = "v2.15.0"

[[projects]]
  digest = "1:0f09db8429e19d57c8346ad76fbbc679341fa86073d3b8fb5ac919f0357d8f4c"
  name = "github.com/uber/jaeger-lib"
  packages = ["metrics"]
  pruneopts = "UT"
  revision = "ed3a127ec5fef7ae9ea95b01b542c47fbd999ce5"
  version = "v1.5.0"

[[projects]]
  branch = "master"
  digest = "1:5b620634365f0ede28cfe062c427cb5baf9cb25ba209bfcb0a3e98e827f59964"
  name = "github.com/yosssi/gmq"
  packages = [
    "mqtt",
    "mqtt/client",
    "mqtt/packet",
  ]
  pruneopts = "UT"
  revision = "b221999646da8ea48ff0796c2b0191aa510d062e"

[[projects]]
  branch = "master"
  digest = "1:0199120c0958f5c74a2adfb040fd1554156d39df8068e7695e6654e507d08dc5"
  name = "golang.org/x/crypto"
  packages = [
    "bcrypt",
    "blowfish",
    "ed25519",
    "ed25519/internal/edwards25519",
  ]
  pruneopts = "UT"
  revision = "ff983b9c42bc9fbf91556e191cc8efb585c16908"

[[projects]]
  branch = "master"
  digest = "1:d84f88291c2b5846fa5de91af2434f2a9d6413b0f710730f86c4becd9ddf0453"
  name = "golang.org/x/net"
  packages = [
    "bpf",
    "context",
    "internal/iana",
    "internal/socket",
    "ipv4",
    "ipv6",
  ]
  pruneopts = "UT"
  revision = "927f97764cc334a6575f4b7a1584a147864d5723"

[[projects]]
  branch = "master"
  digest = "1:ab01052262e2ef935fdec4632b4029e56e7efbc96a569feebdcdc67fd84a9b5b"
  name = "golang.org/x/sys"
  packages = ["unix"]
  pruneopts = "UT"
  revision = "1775db3f06b568179d273425900dd09125831dd5"

[solve-meta]
  analyzer-name = "dep"
  analyzer-version = 1
  input-imports = [
    "github.com/ViBiOh/auth/pkg/auth",
    "github.com/ViBiOh/auth/pkg/ident/basic",
    "github.com/ViBiOh/auth/pkg/ident/service",
    "github.com/ViBiOh/httputils/pkg",
    "github.com/ViBiOh/httputils/pkg/alcotest",
    "github.com/ViBiOh/httputils/pkg/cors",
    "github.com/ViBiOh/httputils/pkg/errors",
    "github.com/ViBiOh/httputils/pkg/gzip",
    "github.com/ViBiOh/httputils/pkg/healthcheck",
    "github.com/ViBiOh/httputils/pkg/httperror",
    "github.com/ViBiOh/httputils/pkg/logger",
    "github.com/ViBiOh/httputils/pkg/opentracing",
    "github.com/ViBiOh/httputils/pkg/owasp",
    "github.com/ViBiOh/httputils/pkg/request",
    "github.com/ViBiOh/httputils/pkg/server",
    "github.com/ViBiOh/httputils/pkg/templates",
    "github.com/ViBiOh/httputils/pkg/tools",
    "github.com/grandcat/zeroconf",
    "github.com/pkg/errors",
    "github.com/yosssi/gmq/mqtt",
    "github.com/yosssi/gmq/mqtt/client",
  ]
  solver-name = "gps-cdcl"
  solver-version = 1
